
Microsoft Visual Studio Solution File, Format Version 12.00
# Visual Studio Version 16
VisualStudioVersion = 16.0.31205.134
MinimumVisualStudioVersion = 10.0.40219.1
Project("{888888A0-9F3D-457C-B088-3A5042F75D52}") = "coin", "coin\coin.pyproj", "{7033E98F-4763-4473-B427-10D2F3AFCD5C}"
EndProject
Global
	GlobalSection(SolutionConfigurationPlatforms) = preSolution
		Debug|Any CPU = Debug|Any CPU
		Release|Any CPU = Release|Any CPU
	EndGlobalSection
	GlobalSection(ProjectConfigurationPlatforms) = postSolution
		{7033E98F-4763-4473-B427-10D2F3AFCD5C}.Debug|Any CPU.ActiveCfg = Debug|Any CPU
		{7033E98F-4763-4473-B427-10D2F3AFCD5C}.Release|Any CPU.ActiveCfg = Release|Any CPU
	EndGlobalSection
	GlobalSection(SolutionProperties) = preSolution
		HideSolutionNode = FALSE
	EndGlobalSection
	GlobalSection(ExtensibilityGlobals) = postSolution
		SolutionGuid = {A7F410D0-40AC-4B90-A0FD-3CAD675CE9E5}
	EndGlobalSection
EndGlobal
